{
  "nodes": {
    "home-manager": {
      "inputs": {
        "nixpkgs": [
          "nixpkgs"
        ]
      },
      "locked": {
        "lastModified": 1754974548,
        "narHash": "sha256-XMjUjKD/QRPcqUnmSDczSYdw46SilnG0+wkho654DFM=",
        "owner": "nix-community",
        "repo": "home-manager",
        "rev": "27a26be51ff0162a8f67660239f9407dba68d7c5",
        "type": "github"
      },
      "original": {
        "owner": "nix-community",
        "repo": "home-manager",
        "type": "github"
      }
    },
    "nixpkgs": {
      "locked": {
        "lastModified": 1754937576,
        "narHash": "sha256-3sWA5WJybUE16kIMZ3+uxcxKZY/JRR4DFBqLdSLBo7w=",
        "owner": "nixos",
        "repo": "nixpkgs",
        "rev": "ddae11e58c0c345bf66efbddbf2192ed0e58f896",
        "type": "github"
      },
      "original": {
        "owner": "nixos",
        "ref": "nixos-25.05",
        "repo": "nixpkgs",
        "type": "github"
      }
    },
    "root": {
      "inputs": {
        "home-manager": "home-manager",
        "nixpkgs": "nixpkgs"
      }
    }
  },
  "root": "root",
  "version": 7
}
